
Microsoft Visual Studio Solution File, Format Version 12.00
# Visual Studio Version 16
VisualStudioVersion = 16.0.29215.179
MinimumVisualStudioVersion = 10.0.40219.1
Project("{FAE04EC0-301F-11D3-BF4B-00C04F79EFBC}") = "MibaseMySQL", "MibaseMySQL\MibaseMySQL.csproj", "{31D49A2E-FC95-4C03-ADAA-F5C82C9B5057}"
EndProject
Global
	GlobalSection(SolutionConfigurationPlatforms) = preSolution
		Debug|Any CPU = Debug|Any CPU
		Release|Any CPU = Release|Any CPU
	EndGlobalSection
	GlobalSection(ProjectConfigurationPlatforms) = postSolution
		{31D49A2E-FC95-4C03-ADAA-F5C82C9B5057}.Debug|Any CPU.ActiveCfg = Debug|Any CPU
		{31D49A2E-FC95-4C03-ADAA-F5C82C9B5057}.Debug|Any CPU.Build.0 = Debug|Any CPU
		{31D49A2E-FC95-4C03-ADAA-F5C82C9B5057}.Release|Any CPU.ActiveCfg = Release|Any CPU
		{31D49A2E-FC95-4C03-ADAA-F5C82C9B5057}.Release|Any CPU.Build.0 = Release|Any CPU
	EndGlobalSection
	GlobalSection(SolutionProperties) = preSolution
		HideSolutionNode = FALSE
	EndGlobalSection
	GlobalSection(ExtensibilityGlobals) = postSolution
		SolutionGuid = {F2010D90-0721-4117-98D1-0C1A66A8A2D2}
	EndGlobalSection
EndGlobal
